
Microsoft Visual Studio Solution File, Format Version 12.00
# Visual Studio Version 17
VisualStudioVersion = 17.7.34202.233
MinimumVisualStudioVersion = 10.0.40219.1
Project("{FAE04EC0-301F-11D3-BF4B-00C04F79EFBC}") = "HWA23", "HWA23\HWA23.csproj", "{77D88EA7-6C63-42F6-8BC0-F2DDE4B2DD4F}"
EndProject
Global
	GlobalSection(SolutionConfigurationPlatforms) = preSolution
		Debug|Any CPU = Debug|Any CPU
		Release|Any CPU = Release|Any CPU
	EndGlobalSection
	GlobalSection(ProjectConfigurationPlatforms) = postSolution
		{77D88EA7-6C63-42F6-8BC0-F2DDE4B2DD4F}.Debug|Any CPU.ActiveCfg = Debug|Any CPU
		{77D88EA7-6C63-42F6-8BC0-F2DDE4B2DD4F}.Debug|Any CPU.Build.0 = Debug|Any CPU
		{77D88EA7-6C63-42F6-8BC0-F2DDE4B2DD4F}.Release|Any CPU.ActiveCfg = Release|Any CPU
		{77D88EA7-6C63-42F6-8BC0-F2DDE4B2DD4F}.Release|Any CPU.Build.0 = Release|Any CPU
	EndGlobalSection
	GlobalSection(SolutionProperties) = preSolution
		HideSolutionNode = FALSE
	EndGlobalSection
	GlobalSection(ExtensibilityGlobals) = postSolution
		SolutionGuid = {3BAB028D-E2DD-4A41-9DDA-B71D19E12EAB}
	EndGlobalSection
EndGlobal
